
Microsoft Visual Studio Solution File, Format Version 12.00
# Visual Studio Version 17
VisualStudioVersion = 17.11.35303.130
MinimumVisualStudioVersion = 10.0.40219.1
Project("{FAE04EC0-301F-11D3-BF4B-00C04F79EFBC}") = "ProjectVereistenOef1", "ProjectVereistenOef1\ProjectVereistenOef1.csproj", "{3F7E83BD-C47C-4975-B2C5-D3902441DC5D}"
EndProject
Global
	GlobalSection(SolutionConfigurationPlatforms) = preSolution
		Debug|Any CPU = Debug|Any CPU
		Release|Any CPU = Release|Any CPU
	EndGlobalSection
	GlobalSection(ProjectConfigurationPlatforms) = postSolution
		{3F7E83BD-C47C-4975-B2C5-D3902441DC5D}.Debug|Any CPU.ActiveCfg = Debug|Any CPU
		{3F7E83BD-C47C-4975-B2C5-D3902441DC5D}.Debug|Any CPU.Build.0 = Debug|Any CPU
		{3F7E83BD-C47C-4975-B2C5-D3902441DC5D}.Release|Any CPU.ActiveCfg = Release|Any CPU
		{3F7E83BD-C47C-4975-B2C5-D3902441DC5D}.Release|Any CPU.Build.0 = Release|Any CPU
	EndGlobalSection
	GlobalSection(SolutionProperties) = preSolution
		HideSolutionNode = FALSE
	EndGlobalSection
	GlobalSection(ExtensibilityGlobals) = postSolution
		SolutionGuid = {2F2113EA-4897-4C4A-A3F0-5432F69A14EE}
	EndGlobalSection
EndGlobal
